github.com/intaen/go-month v0.0.0-20210918113937-9ff756c82b2d h1:hAh9i4/OHpjgYPc67c42UMM4I2SfTJxBGrODMDyEIXs=
github.com/intaen/go-month v0.0.0-20210918113937-9ff756c82b2d/go.mod h1:46wMKru33YQuw+J33sEXkbLpnDJnLWRoLHkpRqqb+sk=
github.com/intaen/go-str v0.0.0-20210917111429-393c1980a175 h1:0XkRPomRwsk6xmsheaeLhTcClIe7agUkSuqyv1JLZsE=
github.com/intaen/go-str v0.0.0-20210917111429-393c1980a175/go.mod h1:/vZhMARiHhM1zz9+j9ABm6BuRDSnPHsehmfiaSAHqGU=
