github.com/intaen/go-mail v0.0.0-20210923092900-072b81a8299d h1:ths2BxPEx+nemZf36AfJ9l6jpKBiLWfnBRO/pEa4mHM=
github.com/intaen/go-mail v0.0.0-20210923092900-072b81a8299d/go.mod h1:egRqBlGhf7NOFUZxFrxC8yIx2tjyDaSY2iOco88C9dI=
github.com/intaen/go-month v0.0.0-20210918113937-9ff756c82b2d h1:hAh9i4/OHpjgYPc67c42UMM4I2SfTJxBGrODMDyEIXs=
github.com/intaen/go-month v0.0.0-20210918113937-9ff756c82b2d/go.mod h1:46wMKru33YQuw+J33sEXkbLpnDJnLWRoLHkpRqqb+sk=
github.com/intaen/go-str v0.0.0-20210918121437-3c1433a8a700 h1:FXQ89GE9DgKpJMxBWI8fZWo53yLOEj0eUsAU+cIq2Lc=
github.com/intaen/go-str v0.0.0-20210918121437-3c1433a8a700/go.mod h1:/vZhMARiHhM1zz9+j9ABm6BuRDSnPHsehmfiaSAHqGU=
